
Microsoft Visual Studio Solution File, Format Version 12.00
# Visual Studio 14
VisualStudioVersion = 14.0.25420.1
MinimumVisualStudioVersion = 10.0.40219.1
Project("{8BC9CEB8-8B4A-11D0-8D11-00A0C91BC942}") = "app1", "app1\app1.vcxproj", "{37C2DCA3-1607-428B-AAEE-50DBE01174E7}"
EndProject
Project("{8BC9CEB8-8B4A-11D0-8D11-00A0C91BC942}") = "appdll1", "appdll1\appdll1.vcxproj", "{14B89AEC-0127-4A56-A353-3892E1247AC8}"
EndProject
Global
	GlobalSection(SolutionConfigurationPlatforms) = preSolution
		Debug|x64 = Debug|x64
		Debug|x86 = Debug|x86
		Release|x64 = Release|x64
		Release|x86 = Release|x86
	EndGlobalSection
	GlobalSection(ProjectConfigurationPlatforms) = postSolution
		{37C2DCA3-1607-428B-AAEE-50DBE01174E7}.Debug|x64.ActiveCfg = Debug|x64
		{37C2DCA3-1607-428B-AAEE-50DBE01174E7}.Debug|x64.Build.0 = Debug|x64
		{37C2DCA3-1607-428B-AAEE-50DBE01174E7}.Debug|x86.ActiveCfg = Debug|Win32
		{37C2DCA3-1607-428B-AAEE-50DBE01174E7}.Debug|x86.Build.0 = Debug|Win32
		{37C2DCA3-1607-428B-AAEE-50DBE01174E7}.Release|x64.ActiveCfg = Release|x64
		{37C2DCA3-1607-428B-AAEE-50DBE01174E7}.Release|x64.Build.0 = Release|x64
		{37C2DCA3-1607-428B-AAEE-50DBE01174E7}.Release|x86.ActiveCfg = Release|Win32
		{37C2DCA3-1607-428B-AAEE-50DBE01174E7}.Release|x86.Build.0 = Release|Win32
		{14B89AEC-0127-4A56-A353-3892E1247AC8}.Debug|x64.ActiveCfg = Debug|x64
		{14B89AEC-0127-4A56-A353-3892E1247AC8}.Debug|x64.Build.0 = Debug|x64
		{14B89AEC-0127-4A56-A353-3892E1247AC8}.Debug|x86.ActiveCfg = Debug|Win32
		{14B89AEC-0127-4A56-A353-3892E1247AC8}.Debug|x86.Build.0 = Debug|Win32
		{14B89AEC-0127-4A56-A353-3892E1247AC8}.Release|x64.ActiveCfg = Release|x64
		{14B89AEC-0127-4A56-A353-3892E1247AC8}.Release|x64.Build.0 = Release|x64
		{14B89AEC-0127-4A56-A353-3892E1247AC8}.Release|x86.ActiveCfg = Release|Win32
		{14B89AEC-0127-4A56-A353-3892E1247AC8}.Release|x86.Build.0 = Release|Win32
	EndGlobalSection
	GlobalSection(SolutionProperties) = preSolution
		HideSolutionNode = FALSE
	EndGlobalSection
EndGlobal
